// !$*UTF8*$!
{
	archiveVersion = 1;
	classes = {
	};
	objectVersion = 50;
	objects = {

/* Begin PBXBuildFile section */
		FC2867F72423A74500A0DD05 /* AppDelegate.swift in Sources */ = {isa = PBXBuildFile; fileRef = FC2867F62423A74500A0DD05 /* AppDelegate.swift */; };
		FC2867F92423A74500A0DD05 /* SceneDelegate.swift in Sources */ = {isa = PBXBuildFile; fileRef = FC2867F82423A74500A0DD05 /* SceneDelegate.swift */; };
		FC2867FB2423A74500A0DD05 /* ViewController.swift in Sources */ = {isa = PBXBuildFile; fileRef = FC2867FA2423A74500A0DD05 /* ViewController.swift */; };
		FC2867FE2423A74500A0DD05 /* Main.storyboard in Resources */ = {isa = PBXBuildFile; fileRef = FC2867FC2423A74500A0DD05 /* Main.storyboard */; };
		FC2868002423A74900A0DD05 /* Assets.xcassets in Resources */ = {isa = PBXBuildFile; fileRef = FC2867FF2423A74900A0DD05 /* Assets.xcassets */; };
		FC2868032423A74900A0DD05 /* LaunchScreen.storyboard in Resources */ = {isa = PBXBuildFile; fileRef = FC2868012423A74900A0DD05 /* LaunchScreen.storyboard */; };
		FC28680E2423A77800A0DD05 /* CryptoCurrency.swift in Sources */ = {isa = PBXBuildFile; fileRef = FC28680D2423A77800A0DD05 /* CryptoCurrency.swift */; };
		FC7D67DD2423A8A500DE4973 /* CryptoViewModel.swift in Sources */ = {isa = PBXBuildFile; fileRef = FC7D67DC2423A8A500DE4973 /* CryptoViewModel.swift */; };
		FC7D67DF2423A95D00DE4973 /* CryptoTableViewCell.swift in Sources */ = {isa = PBXBuildFile; fileRef = FC7D67DE2423A95D00DE4973 /* CryptoTableViewCell.swift */; };
		FC7D67E12423AA7600DE4973 /* Webservice.swift in Sources */ = {isa = PBXBuildFile; fileRef = FC7D67E02423AA7600DE4973 /* Webservice.swift */; };
/* End PBXBuildFile section */

/* Begin PBXFileReference section */
		FC2867F32423A74500A0DD05 /* CryptoCrazy.app */ = {isa = PBXFileReference; explicitFileType = wrapper.application; includeInIndex = 0; path = CryptoCrazy.app; sourceTree = BUILT_PRODUCTS_DIR; };
		FC2867F62423A74500A0DD05 /* AppDelegate.swift */ = {isa = PBXFileReference; lastKnownFileType = sourcecode.swift; path = AppDelegate.swift; sourceTree = "<group>"; };
		FC2867F82423A74500A0DD05 /* SceneDelegate.swift */ = {isa = PBXFileReference; lastKnownFileType = sourcecode.swift; path = SceneDelegate.swift; sourceTree = "<group>"; };
		FC2867FA2423A74500A0DD05 /* ViewController.swift */ = {isa = PBXFileReference; lastKnownFileType = sourcecode.swift; path = ViewController.swift; sourceTree = "<group>"; };
		FC2867FD2423A74500A0DD05 /* Base */ = {isa = PBXFileReference; lastKnownFileType = file.storyboard; name = Base; path = Base.lproj/Main.storyboard; sourceTree = "<group>"; };
		FC2867FF2423A74900A0DD05 /* Assets.xcassets */ = {isa = PBXFileReference; lastKnownFileType = folder.assetcatalog; path = Assets.xcassets; sourceTree = "<group>"; };
		FC2868022423A74900A0DD05 /* Base */ = {isa = PBXFileReference; lastKnownFileType = file.storyboard; name = Base; path = Base.lproj/LaunchScreen.storyboard; sourceTree = "<group>"; };
		FC2868042423A74900A0DD05 /* Info.plist */ = {isa = PBXFileReference; lastKnownFileType = text.plist.xml; path = Info.plist; sourceTree = "<group>"; };
		FC28680D2423A77800A0DD05 /* CryptoCurrency.swift */ = {isa = PBXFileReference; lastKnownFileType = sourcecode.swift; path = CryptoCurrency.swift; sourceTree = "<group>"; };
		FC7D67DC2423A8A500DE4973 /* CryptoViewModel.swift */ = {isa = PBXFileReference; lastKnownFileType = sourcecode.swift; path = CryptoViewModel.swift; sourceTree = "<group>"; };
		FC7D67DE2423A95D00DE4973 /* CryptoTableViewCell.swift */ = {isa = PBXFileReference; lastKnownFileType = sourcecode.swift; path = CryptoTableViewCell.swift; sourceTree = "<group>"; };
		FC7D67E02423AA7600DE4973 /* Webservice.swift */ = {isa = PBXFileReference; lastKnownFileType = sourcecode.swift; path = Webservice.swift; sourceTree = "<group>"; };
/* End PBXFileReference section */

/* Begin PBXFrameworksBuildPhase section */
		FC2867F02423A74500A0DD05 /* Frameworks */ = {
			isa = PBXFrameworksBuildPhase;
			buildActionMask = 2147483647;
			files = (
			);
			runOnlyForDeploymentPostprocessing = 0;
		};
/* End PBXFrameworksBuildPhase section */

/* Begin PBXGroup section */
		FC2867EA2423A74500A0DD05 = {
			isa = PBXGroup;
			children = (
				FC2867F52423A74500A0DD05 /* CryptoCrazy */,
				FC2867F42423A74500A0DD05 /* Products */,
			);
			sourceTree = "<group>";
		};
		FC2867F42423A74500A0DD05 /* Products */ = {
			isa = PBXGroup;
			children = (
				FC2867F32423A74500A0DD05 /* CryptoCrazy.app */,
			);
			name = Products;
			sourceTree = "<group>";
		};
		FC2867F52423A74500A0DD05 /* CryptoCrazy */ = {
			isa = PBXGroup;
			children = (
				FC7D67E22423AB2000DE4973 /* Service */,
				FC28680C2423A76000A0DD05 /* Model */,
				FC28680B2423A75B00A0DD05 /* ViewModel */,
				FC28680A2423A75100A0DD05 /* View */,
				FC2867FC2423A74500A0DD05 /* Main.storyboard */,
				FC2867FF2423A74900A0DD05 /* Assets.xcassets */,
				FC2868012423A74900A0DD05 /* LaunchScreen.storyboard */,
				FC2868042423A74900A0DD05 /* Info.plist */,
			);
			path = CryptoCrazy;
			sourceTree = "<group>";
		};
		FC28680A2423A75100A0DD05 /* View */ = {
			isa = PBXGroup;
			children = (
				FC2867F62423A74500A0DD05 /* AppDelegate.swift */,
				FC2867F82423A74500A0DD05 /* SceneDelegate.swift */,
				FC2867FA2423A74500A0DD05 /* ViewController.swift */,
				FC7D67DE2423A95D00DE4973 /* CryptoTableViewCell.swift */,
			);
			path = View;
			sourceTree = "<group>";
		};
		FC28680B2423A75B00A0DD05 /* ViewModel */ = {
			isa = PBXGroup;
			children = (
				FC7D67DC2423A8A500DE4973 /* CryptoViewModel.swift */,
			);
			path = ViewModel;
			sourceTree = "<group>";
		};
		FC28680C2423A76000A0DD05 /* Model */ = {
			isa = PBXGroup;
			children = (
				FC28680D2423A77800A0DD05 /* CryptoCurrency.swift */,
			);
			path = Model;
			sourceTree = "<group>";
		};
		FC7D67E22423AB2000DE4973 /* Service */ = {
			isa = PBXGroup;
			children = (
				FC7D67E02423AA7600DE4973 /* Webservice.swift */,
			);
			path = Service;
			sourceTree = "<group>";
		};
/* End PBXGroup section */

/* Begin PBXNativeTarget section */
		FC2867F22423A74500A0DD05 /* CryptoCrazy */ = {
			isa = PBXNativeTarget;
			buildConfigurationList = FC2868072423A74900A0DD05 /* Build configuration list for PBXNativeTarget "CryptoCrazy" */;
			buildPhases = (
				FC2867EF2423A74500A0DD05 /* Sources */,
				FC2867F02423A74500A0DD05 /* Frameworks */,
				FC2867F12423A74500A0DD05 /* Resources */,
			);
			buildRules = (
			);
			dependencies = (
			);
			name = CryptoCrazy;
			productName = CryptoCrazy;
			productReference = FC2867F32423A74500A0DD05 /* CryptoCrazy.app */;
			productType = "com.apple.product-type.application";
		};
/* End PBXNativeTarget section */

/* Begin PBXProject section */
		FC2867EB2423A74500A0DD05 /* Project object */ = {
			isa = PBXProject;
			attributes = {
				LastSwiftUpdateCheck = 1130;
				LastUpgradeCheck = 1130;
				ORGANIZATIONNAME = "Atil Samancioglu";
				TargetAttributes = {
					FC2867F22423A74500A0DD05 = {
						CreatedOnToolsVersion = 11.3.1;
					};
				};
			};
			buildConfigurationList = FC2867EE2423A74500A0DD05 /* Build configuration list for PBXProject "CryptoCrazy" */;
			compatibilityVersion = "Xcode 9.3";
			developmentRegion = en;
			hasScannedForEncodings = 0;
			knownRegions = (
				en,
				Base,
			);
			mainGroup = FC2867EA2423A74500A0DD05;
			productRefGroup = FC2867F42423A74500A0DD05 /* Products */;
			projectDirPath = "";
			projectRoot = "";
			targets = (
				FC2867F22423A74500A0DD05 /* CryptoCrazy */,
			);
		};
/* End PBXProject section */

/* Begin PBXResourcesBuildPhase section */
		FC2867F12423A74500A0DD05 /* Resources */ = {
			isa = PBXResourcesBuildPhase;
			buildActionMask = 2147483647;
			files = (
				FC2868032423A74900A0DD05 /* LaunchScreen.storyboard in Resources */,
				FC2868002423A74900A0DD05 /* Assets.xcassets in Resources */,
				FC2867FE2423A74500A0DD05 /* Main.storyboard in Resources */,
			);
			runOnlyForDeploymentPostprocessing = 0;
		};
/* End PBXResourcesBuildPhase section */

/* Begin PBXSourcesBuildPhase section */
		FC2867EF2423A74500A0DD05 /* Sources */ = {
			isa = PBXSourcesBuildPhase;
			buildActionMask = 2147483647;
			files = (
				FC2867FB2423A74500A0DD05 /* ViewController.swift in Sources */,
				FC7D67E12423AA7600DE4973 /* Webservice.swift in Sources */,
				FC2867F72423A74500A0DD05 /* AppDelegate.swift in Sources */,
				FC7D67DF2423A95D00DE4973 /* CryptoTableViewCell.swift in Sources */,
				FC2867F92423A74500A0DD05 /* SceneDelegate.swift in Sources */,
				FC28680E2423A77800A0DD05 /* CryptoCurrency.swift in Sources */,
				FC7D67DD2423A8A500DE4973 /* CryptoViewModel.swift in Sources */,
			);
			runOnlyForDeploymentPostprocessing = 0;
		};
/* End PBXSourcesBuildPhase section */

/* Begin PBXVariantGroup section */
		FC2867FC2423A74500A0DD05 /* Main.storyboard */ = {
			isa = PBXVariantGroup;
			children = (
				FC2867FD2423A74500A0DD05 /* Base */,
			);
			name = Main.storyboard;
			sourceTree = "<group>";
		};
		FC2868012423A74900A0DD05 /* LaunchScreen.storyboard */ = {
			isa = PBXVariantGroup;
			children = (
				FC2868022423A74900A0DD05 /* Base */,
			);
			name = LaunchScreen.storyboard;
			sourceTree = "<group>";
		};
/* End PBXVariantGroup section */

/* Begin XCBuildConfiguration section */
		FC2868052423A74900A0DD05 /* Debug */ = {
			isa = XCBuildConfiguration;
			buildSettings = {
				ALWAYS_SEARCH_USER_PATHS = NO;
				CLANG_ANALYZER_NONNULL = YES;
				CLANG_ANALYZER_NUMBER_OBJECT_CONVERSION = YES_AGGRESSIVE;
				CLANG_CXX_LANGUAGE_STANDARD = "gnu++14";
				CLANG_CXX_LIBRARY = "libc++";
				CLANG_ENABLE_MODULES = YES;
				CLANG_ENABLE_OBJC_ARC = YES;
				CLANG_ENABLE_OBJC_WEAK = YES;
				CLANG_WARN_BLOCK_CAPTURE_AUTORELEASING = YES;
				CLANG_WARN_BOOL_CONVERSION = YES;
				CLANG_WARN_COMMA = YES;
				CLANG_WARN_CONSTANT_CONVERSION = YES;
				CLANG_WARN_DEPRECATED_OBJC_IMPLEMENTATIONS = YES;
				CLANG_WARN_DIRECT_OBJC_ISA_USAGE = YES_ERROR;
				CLANG_WARN_DOCUMENTATION_COMMENTS = YES;
				CLANG_WARN_EMPTY_BODY = YES;
				CLANG_WARN_ENUM_CONVERSION = YES;
				CLANG_WARN_INFINITE_RECURSION = YES;
				CLANG_WARN_INT_CONVERSION = YES;
				CLANG_WARN_NON_LITERAL_NULL_CONVERSION = YES;
				CLANG_WARN_OBJC_IMPLICIT_RETAIN_SELF = YES;
				CLANG_WARN_OBJC_LITERAL_CONVERSION = YES;
				CLANG_WARN_OBJC_ROOT_CLASS = YES_ERROR;
				CLANG_WARN_RANGE_LOOP_ANALYSIS = YES;
				CLANG_WARN_STRICT_PROTOTYPES = YES;
				CLANG_WARN_SUSPICIOUS_MOVE = YES;
				CLANG_WARN_UNGUARDED_AVAILABILITY = YES_AGGRESSIVE;
				CLANG_WARN_UNREACHABLE_CODE = YES;
				CLANG_WARN__DUPLICATE_METHOD_MATCH = YES;
				COPY_PHASE_STRIP = NO;
				DEBUG_INFORMATION_FORMAT = dwarf;
				ENABLE_STRICT_OBJC_MSGSEND = YES;
				ENABLE_TESTABILITY = YES;
				GCC_C_LANGUAGE_STANDARD = gnu11;
				GCC_DYNAMIC_NO_PIC = NO;
				GCC_NO_COMMON_BLOCKS = YES;
				GCC_OPTIMIZATION_LEVEL = 0;
				GCC_PREPROCESSOR_DEFINITIONS = (
					"DEBUG=1",
					"$(inherited)",
				);
				GCC_WARN_64_TO_32_BIT_CONVERSION = YES;
				GCC_WARN_ABOUT_RETURN_TYPE = YES_ERROR;
				GCC_WARN_UNDECLARED_SELECTOR = YES;
				GCC_WARN_UNINITIALIZED_AUTOS = YES_AGGRESSIVE;
				GCC_WARN_UNUSED_FUNCTION = YES;
				GCC_WARN_UNUSED_VARIABLE = YES;
				IPHONEOS_DEPLOYMENT_TARGET = 13.2;
				MTL_ENABLE_DEBUG_INFO = INCLUDE_SOURCE;
				MTL_FAST_MATH = YES;
				ONLY_ACTIVE_ARCH = YES;
				SDKROOT = iphoneos;
				SWIFT_ACTIVE_COMPILATION_CONDITIONS = DEBUG;
				SWIFT_OPTIMIZATION_LEVEL = "-Onone";
			};
			name = Debug;
		};
		FC2868062423A74900A0DD05 /* Release */ = {
			isa = XCBuildConfiguration;
			buildSettings = {
				ALWAYS_SEARCH_USER_PATHS = NO;
				CLANG_ANALYZER_NONNULL = YES;
				CLANG_ANALYZER_NUMBER_OBJECT_CONVERSION = YES_AGGRESSIVE;
				CLANG_CXX_LANGUAGE_STANDARD = "gnu++14";
				CLANG_CXX_LIBRARY = "libc++";
				CLANG_ENABLE_MODULES = YES;
				CLANG_ENABLE_OBJC_ARC = YES;
				CLANG_ENABLE_OBJC_WEAK = YES;
				CLANG_WARN_BLOCK_CAPTURE_AUTORELEASING = YES;
				CLANG_WARN_BOOL_CONVERSION = YES;
				CLANG_WARN_COMMA = YES;
				CLANG_WARN_CONSTANT_CONVERSION = YES;
				CLANG_WARN_DEPRECATED_OBJC_IMPLEMENTATIONS = YES;
				CLANG_WARN_DIRECT_OBJC_ISA_USAGE = YES_ERROR;
				CLANG_WARN_DOCUMENTATION_COMMENTS = YES;
				CLANG_WARN_EMPTY_BODY = YES;
				CLANG_WARN_ENUM_CONVERSION = YES;
				CLANG_WARN_INFINITE_RECURSION = YES;
				CLANG_WARN_INT_CONVERSION = YES;
				CLANG_WARN_NON_LITERAL_NULL_CONVERSION = YES;
				CLANG_WARN_OBJC_IMPLICIT_RETAIN_SELF = YES;
				CLANG_WARN_OBJC_LITERAL_CONVERSION = YES;
				CLANG_WARN_OBJC_ROOT_CLASS = YES_ERROR;
				CLANG_WARN_RANGE_LOOP_ANALYSIS = YES;
				CLANG_WARN_STRICT_PROTOTYPES = YES;
				CLANG_WARN_SUSPICIOUS_MOVE = YES;
				CLANG_WARN_UNGUARDED_AVAILABILITY = YES_AGGRESSIVE;
				CLANG_WARN_UNREACHABLE_CODE = YES;
				CLANG_WARN__DUPLICATE_METHOD_MATCH = YES;
				COPY_PHASE_STRIP = NO;
				DEBUG_INFORMATION_FORMAT = "dwarf-with-dsym";
				ENABLE_NS_ASSERTIONS = NO;
				ENABLE_STRICT_OBJC_MSGSEND = YES;
				GCC_C_LANGUAGE_STANDARD = gnu11;
				GCC_NO_COMMON_BLOCKS = YES;
				GCC_WARN_64_TO_32_BIT_CONVERSION = YES;
				GCC_WARN_ABOUT_RETURN_TYPE = YES_ERROR;
				GCC_WARN_UNDECLARED_SELECTOR = YES;
				GCC_WARN_UNINITIALIZED_AUTOS = YES_AGGRESSIVE;
				GCC_WARN_UNUSED_FUNCTION = YES;
				GCC_WARN_UNUSED_VARIABLE = YES;
				IPHONEOS_DEPLOYMENT_TARGET = 13.2;
				MTL_ENABLE_DEBUG_INFO = NO;
				MTL_FAST_MATH = YES;
				SDKROOT = iphoneos;
				SWIFT_COMPILATION_MODE = wholemodule;
				SWIFT_OPTIMIZATION_LEVEL = "-O";
				VALIDATE_PRODUCT = YES;
			};
			name = Release;
		};
		FC2868082423A74900A0DD05 /* Debug */ = {
			isa = XCBuildConfiguration;
			buildSettings = {
				ASSETCATALOG_COMPILER_APPICON_NAME = AppIcon;
				CODE_SIGN_STYLE = Automatic;
				DEVELOPMENT_TEAM = 7SH627DBA4;
				INFOPLIST_FILE = CryptoCrazy/Info.plist;
				LD_RUNPATH_SEARCH_PATHS = (
					"$(inherited)",
					"@executable_path/Frameworks",
				);
				PRODUCT_BUNDLE_IDENTIFIER = com.atilsamancioglu.CryptoCrazy;
				PRODUCT_NAME = "$(TARGET_NAME)";
				SWIFT_VERSION = 5.0;
				TARGETED_DEVICE_FAMILY = "1,2";
			};
			name = Debug;
		};
		FC2868092423A74900A0DD05 /* Release */ = {
			isa = XCBuildConfiguration;
			buildSettings = {
				ASSETCATALOG_COMPILER_APPICON_NAME = AppIcon;
				CODE_SIGN_STYLE = Automatic;
				DEVELOPMENT_TEAM = 7SH627DBA4;
				INFOPLIST_FILE = CryptoCrazy/Info.plist;
				LD_RUNPATH_SEARCH_PATHS = (
					"$(inherited)",
					"@executable_path/Frameworks",
				);
				PRODUCT_BUNDLE_IDENTIFIER = com.atilsamancioglu.CryptoCrazy;
				PRODUCT_NAME = "$(TARGET_NAME)";
				SWIFT_VERSION = 5.0;
				TARGETED_DEVICE_FAMILY = "1,2";
			};
			name = Release;
		};
/* End XCBuildConfiguration section */

/* Begin XCConfigurationList section */
		FC2867EE2423A74500A0DD05 /* Build configuration list for PBXProject "CryptoCrazy" */ = {
			isa = XCConfigurationList;
			buildConfigurations = (
				FC2868052423A74900A0DD05 /* Debug */,
				FC2868062423A74900A0DD05 /* Release */,
			);
			defaultConfigurationIsVisible = 0;
			defaultConfigurationName = Release;
		};
		FC2868072423A74900A0DD05 /* Build configuration list for PBXNativeTarget "CryptoCrazy" */ = {
			isa = XCConfigurationList;
			buildConfigurations = (
				FC2868082423A74900A0DD05 /* Debug */,
				FC2868092423A74900A0DD05 /* Release */,
			);
			defaultConfigurationIsVisible = 0;
			defaultConfigurationName = Release;
		};
/* End XCConfigurationList section */
	};
	rootObject = FC2867EB2423A74500A0DD05 /* Project object */;
}
